
Microsoft Visual Studio Solution File, Format Version 12.00
# Visual Studio Version 16
VisualStudioVersion = 16.0.31005.135
MinimumVisualStudioVersion = 10.0.40219.1
Project("{FAE04EC0-301F-11D3-BF4B-00C04F79EFBC}") = "CoreMigration", "CoreMigration\CoreMigration.csproj", "{B3C767E0-91BA-4668-B6F1-648DA366449E}"
EndProject
Global
	GlobalSection(SolutionConfigurationPlatforms) = preSolution
		Debug|Any CPU = Debug|Any CPU
		Release|Any CPU = Release|Any CPU
	EndGlobalSection
	GlobalSection(ProjectConfigurationPlatforms) = postSolution
		{B3C767E0-91BA-4668-B6F1-648DA366449E}.Debug|Any CPU.ActiveCfg = Debug|Any CPU
		{B3C767E0-91BA-4668-B6F1-648DA366449E}.Debug|Any CPU.Build.0 = Debug|Any CPU
		{B3C767E0-91BA-4668-B6F1-648DA366449E}.Release|Any CPU.ActiveCfg = Release|Any CPU
		{B3C767E0-91BA-4668-B6F1-648DA366449E}.Release|Any CPU.Build.0 = Release|Any CPU
	EndGlobalSection
	GlobalSection(SolutionProperties) = preSolution
		HideSolutionNode = FALSE
	EndGlobalSection
	GlobalSection(ExtensibilityGlobals) = postSolution
		SolutionGuid = {F7B0A975-89FA-4C02-8B50-389841ABC32B}
	EndGlobalSection
EndGlobal
